
Microsoft Visual Studio Solution File, Format Version 12.00
# Visual Studio 15
VisualStudioVersion = 15.0.27130.2024
MinimumVisualStudioVersion = 10.0.40219.1
Project("{FAE04EC0-301F-11D3-BF4B-00C04F79EFBC}") = "Student1", "Student1\Student1.csproj", "{EB241E6B-9490-4FE9-B242-8A21133F0B7A}"
EndProject
Global
	GlobalSection(SolutionConfigurationPlatforms) = preSolution
		Debug|Any CPU = Debug|Any CPU
		Release|Any CPU = Release|Any CPU
	EndGlobalSection
	GlobalSection(ProjectConfigurationPlatforms) = postSolution
		{EB241E6B-9490-4FE9-B242-8A21133F0B7A}.Debug|Any CPU.ActiveCfg = Debug|Any CPU
		{EB241E6B-9490-4FE9-B242-8A21133F0B7A}.Debug|Any CPU.Build.0 = Debug|Any CPU
		{EB241E6B-9490-4FE9-B242-8A21133F0B7A}.Release|Any CPU.ActiveCfg = Release|Any CPU
		{EB241E6B-9490-4FE9-B242-8A21133F0B7A}.Release|Any CPU.Build.0 = Release|Any CPU
	EndGlobalSection
	GlobalSection(SolutionProperties) = preSolution
		HideSolutionNode = FALSE
	EndGlobalSection
	GlobalSection(ExtensibilityGlobals) = postSolution
		SolutionGuid = {AA3A4947-3DC1-45C5-89DA-4ACAD9984E84}
	EndGlobalSection
EndGlobal
